
Microsoft Visual Studio Solution File, Format Version 12.00
# Visual Studio Version 17
VisualStudioVersion = 17.0.32112.339
MinimumVisualStudioVersion = 10.0.40219.1
Project("{9A19103F-16F7-4668-BE54-9A1E7A4F7556}") = "LineBot", "LineBot\LineBot.csproj", "{C66318DD-8441-47BA-BE4D-961C861E0634}"
EndProject
Project("{FAE04EC0-301F-11D3-BF4B-00C04F79EFBC}") = "LineBotTests", "LineBotTests\LineBotTests.csproj", "{82AA1714-2182-404D-83FD-9A39CF481FD7}"
EndProject
Global
	GlobalSection(SolutionConfigurationPlatforms) = preSolution
		Debug|Any CPU = Debug|Any CPU
		Release|Any CPU = Release|Any CPU
	EndGlobalSection
	GlobalSection(ProjectConfigurationPlatforms) = postSolution
		{C66318DD-8441-47BA-BE4D-961C861E0634}.Debug|Any CPU.ActiveCfg = Debug|Any CPU
		{C66318DD-8441-47BA-BE4D-961C861E0634}.Debug|Any CPU.Build.0 = Debug|Any CPU
		{C66318DD-8441-47BA-BE4D-961C861E0634}.Release|Any CPU.ActiveCfg = Release|Any CPU
		{C66318DD-8441-47BA-BE4D-961C861E0634}.Release|Any CPU.Build.0 = Release|Any CPU
		{82AA1714-2182-404D-83FD-9A39CF481FD7}.Debug|Any CPU.ActiveCfg = Debug|Any CPU
		{82AA1714-2182-404D-83FD-9A39CF481FD7}.Debug|Any CPU.Build.0 = Debug|Any CPU
		{82AA1714-2182-404D-83FD-9A39CF481FD7}.Release|Any CPU.ActiveCfg = Release|Any CPU
		{82AA1714-2182-404D-83FD-9A39CF481FD7}.Release|Any CPU.Build.0 = Release|Any CPU
	EndGlobalSection
	GlobalSection(SolutionProperties) = preSolution
		HideSolutionNode = FALSE
	EndGlobalSection
	GlobalSection(ExtensibilityGlobals) = postSolution
		SolutionGuid = {E78481B7-5C37-4D12-BC4E-3028CBE19145}
	EndGlobalSection
EndGlobal
